
Microsoft Visual Studio Solution File, Format Version 12.00
# Visual Studio Version 17
VisualStudioVersion = 17.9.34902.65
MinimumVisualStudioVersion = 10.0.40219.1
Project("{9A19103F-16F7-4668-BE54-9A1E7A4F7556}") = "LearningDeveloperTests", "LearningDeveloperTests\LearningDeveloperTests.csproj", "{3BE5A3AC-7ABD-410B-B97D-E7323EB1A801}"
EndProject
Project("{FAE04EC0-301F-11D3-BF4B-00C04F79EFBC}") = "Banking", "Banking\Banking.csproj", "{477ACE34-D272-448F-BF5C-3EAFDEB9F7E3}"
EndProject
Global
	GlobalSection(SolutionConfigurationPlatforms) = preSolution
		Debug|Any CPU = Debug|Any CPU
		Release|Any CPU = Release|Any CPU
	EndGlobalSection
	GlobalSection(ProjectConfigurationPlatforms) = postSolution
		{3BE5A3AC-7ABD-410B-B97D-E7323EB1A801}.Debug|Any CPU.ActiveCfg = Debug|Any CPU
		{3BE5A3AC-7ABD-410B-B97D-E7323EB1A801}.Debug|Any CPU.Build.0 = Debug|Any CPU
		{3BE5A3AC-7ABD-410B-B97D-E7323EB1A801}.Release|Any CPU.ActiveCfg = Release|Any CPU
		{3BE5A3AC-7ABD-410B-B97D-E7323EB1A801}.Release|Any CPU.Build.0 = Release|Any CPU
		{477ACE34-D272-448F-BF5C-3EAFDEB9F7E3}.Debug|Any CPU.ActiveCfg = Debug|Any CPU
		{477ACE34-D272-448F-BF5C-3EAFDEB9F7E3}.Debug|Any CPU.Build.0 = Debug|Any CPU
		{477ACE34-D272-448F-BF5C-3EAFDEB9F7E3}.Release|Any CPU.ActiveCfg = Release|Any CPU
		{477ACE34-D272-448F-BF5C-3EAFDEB9F7E3}.Release|Any CPU.Build.0 = Release|Any CPU
	EndGlobalSection
	GlobalSection(SolutionProperties) = preSolution
		HideSolutionNode = FALSE
	EndGlobalSection
	GlobalSection(ExtensibilityGlobals) = postSolution
		SolutionGuid = {F080BCFB-BF18-40E8-9F5F-D6450F1BF1E2}
	EndGlobalSection
EndGlobal
